# THIS IS AN AUTOGENERATED FILE. DO NOT EDIT THIS FILE DIRECTLY.
# yarn lockfile v1


"@binary/cskburn@^1.0.8-1.18.1":
  version "1.0.8-1.18.1"
  resolved "https://registry-lpm.listenai.com/@binary/cskburn/download/@binary/cskburn-1.0.8-1.18.1.tgz#b88f7b05b61a7c1c60b26a3ba9fa6f20908ba903"
  integrity sha1-uI97BbYafBxgsmo7qfpvIJCLqQM=
  dependencies:
    "@binary/type" "^1.0.4"
    "@xingrz/download2" "^9.0.0-alpha.4"
    detect-libc "^2.0.1"

"@binary/gcc-arm-none-eabi-9@^2.1.3-2020-q2-update":
  version "2.1.3-2020-q2-update"
  resolved "https://registry-lpm.listenai.com/@binary/gcc-arm-none-eabi-9/download/@binary/gcc-arm-none-eabi-9-2.1.3-2020-q2-update.tgz#748e3111a7fb7d1c838dfb584c79e43bc25e263f"
  integrity sha1-dI4xEaf7fRyDjftYTHnkO8JeJj8=
  dependencies:
    "@binary/type" "^1.0.4"
    "@xingrz/download2" "^9.0.0-alpha.4"

"@binary/jlink-venus@^1.0.1-7.58":
  version "1.0.1-7.58"
  resolved "https://registry-lpm.listenai.com/@binary/jlink-venus/download/@binary/jlink-venus-1.0.1-7.58.tgz#1a5a7090d678598c3a16b8ba88dcec7bf25d453b"
  integrity sha1-GlpwkNZ4WYw6Fri6iNzse/JdRTs=
  dependencies:
    "@binary/type" "^1.0.4"
    "@xingrz/download2" "^9.0.0-alpha.4"
    fs-extra "^10.0.0"

"@binary/type@^1.0.4":
  version "1.0.4"
  resolved "https://registry-lpm.listenai.com/@binary/type/download/@binary/type-1.0.4.tgz#90f1ee052574b4dcc074e1a3a55a8b11de1bd13e"
  integrity sha1-kPHuBSV0tNzAdOGjpVqLEd4b0T4=

"@lisa-env/type@^1.2.0":
  version "1.2.0"
  resolved "https://registry-lpm.listenai.com/@lisa-env/type/download/@lisa-env/type-1.2.0.tgz#945aeb49d9b167e1675ee2aea1dcdfecb5be27aa"
  integrity sha1-lFrrSdmxZ+FnXuKuodzf7LW+J6o=

"@sindresorhus/is@^4.0.0":
  version "4.2.0"
  resolved "https://registry.npmjs.org/@sindresorhus/is/-/is-4.2.0.tgz#667bfc6186ae7c9e0b45a08960c551437176e1ca"
  integrity sha512-VkE3KLBmJwcCaVARtQpfuKcKv8gcBmUubrfHGF84dXuuW6jgsRYxPtzcIhPyK9WAPpRt2/xY6zkD9MnRaJzSyw==

"@szmarczak/http-timer@^4.0.5":
  version "4.0.6"
  resolved "https://registry.npmjs.org/@szmarczak/http-timer/-/http-timer-4.0.6.tgz#b4a914bb62e7c272d4e5989fe4440f812ab1d807"
  integrity sha512-4BAffykYOgO+5nzBWYwE3W90sBgLJoUPRWWcL8wlyiM8IB8ipJz3UMJ9KXQd1RKQXpKp8Tutn80HZtWsu2u76w==
  dependencies:
    defer-to-connect "^2.0.0"

"@tokenizer/token@^0.3.0":
  version "0.3.0"
  resolved "https://registry.npmjs.org/@tokenizer/token/-/token-0.3.0.tgz#fe98a93fe789247e998c75e74e9c7c63217aa276"
  integrity sha512-OvjF+z51L3ov0OyAU0duzsYuvO01PH7x4t6DJx+guahgTnBHkhJdG7soQeTSFLWN3efnHyibZ4Z8l2EuWwJN3A==

"@types/cacheable-request@^6.0.1":
  version "6.0.2"
  resolved "https://registry.npmjs.org/@types/cacheable-request/-/cacheable-request-6.0.2.tgz#c324da0197de0a98a2312156536ae262429ff6b9"
  integrity sha512-B3xVo+dlKM6nnKTcmm5ZtY/OL8bOAOd2Olee9M1zft65ox50OzjEHW91sDiU9j6cvW8Ejg1/Qkf4xd2kugApUA==
  dependencies:
    "@types/http-cache-semantics" "*"
    "@types/keyv" "*"
    "@types/node" "*"
    "@types/responselike" "*"

"@types/http-cache-semantics@*":
  version "4.0.1"
  resolved "https://registry.npmjs.org/@types/http-cache-semantics/-/http-cache-semantics-4.0.1.tgz#0ea7b61496902b95890dc4c3a116b60cb8dae812"
  integrity sha512-SZs7ekbP8CN0txVG2xVRH6EgKmEm31BOxA07vkFaETzZz1xh+cbt8BcI0slpymvwhx5dlFnQG2rTlPVQn+iRPQ==

"@types/keyv@*":
  version "3.1.3"
  resolved "https://registry.npmjs.org/@types/keyv/-/keyv-3.1.3.tgz#1c9aae32872ec1f20dcdaee89a9f3ba88f465e41"
  integrity sha512-FXCJgyyN3ivVgRoml4h94G/p3kY+u/B86La+QptcqJaWtBWtmc6TtkNfS40n9bIvyLteHh7zXOtgbobORKPbDg==
  dependencies:
    "@types/node" "*"

"@types/node@*":
  version "16.11.7"
  resolved "https://registry.npmjs.org/@types/node/-/node-16.11.7.tgz#36820945061326978c42a01e56b61cd223dfdc42"
  integrity sha512-QB5D2sqfSjCmTuWcBWyJ+/44bcjO7VbjSbOE0ucoVbAsSNQc4Lt6QkgkVXkTDwkL4z/beecZNDvVX15D4P8Jbw==

"@types/node@^16.11.1":
  version "16.11.6"
  resolved "https://registry.npmjs.org/@types/node/-/node-16.11.6.tgz#6bef7a2a0ad684cf6e90fcfe31cecabd9ce0a3ae"
  integrity sha512-ua7PgUoeQFjmWPcoo9khiPum3Pd60k4/2ZGXt18sm2Slk0W0xZTqt5Y0Ny1NyBiN1EVQ/+FaF9NcY4Qe6rwk5w==

"@types/responselike@*", "@types/responselike@^1.0.0":
  version "1.0.0"
  resolved "https://registry.npmjs.org/@types/responselike/-/responselike-1.0.0.tgz#251f4fe7d154d2bad125abe1b429b23afd262e29"
  integrity sha512-85Y2BjiufFzaMIlvJDvTTB8Fxl2xfLo4HgmHzVBz08w4wDePCTjYw66PdrolO0kzli3yam/YCgRufyo1DdQVTA==
  dependencies:
    "@types/node" "*"

"@xingrz/cppzst@^2.1.0-alpha.8":
  version "2.1.0-alpha.8"
  resolved "https://registry.npmjs.org/@xingrz/cppzst/-/cppzst-2.1.0-alpha.8.tgz#fb3d8157ae47549863fb5dc5da7db350c76ee16d"
  integrity sha512-3uxS5ZJkuLodEk4pTh5CxQb2Gu1oKHHCd8UgSVlKn6NVf0TZbgpECaRPZ5l50cw1yqzamXEJ0UdzjntKAaiIjQ==
  dependencies:
    nan "^2.14.2"
    node-gyp-build "^4.3.0"
    pond "^2.1.2"

"@xingrz/decompress-tar@^5.2.0-alpha.0":
  version "5.2.0-alpha.0"
  resolved "https://registry.npmjs.org/@xingrz/decompress-tar/-/decompress-tar-5.2.0-alpha.0.tgz#290834c03f10685c322377067769911234f0bf16"
  integrity sha512-GyjyGgDxixT6AOb+bBQYa7iXgiAjjn87dhAGCJxwzcPTH03kHRv8T+r+lkpZ+w/s0p/3jKUKBeA5Ct3oeNNFmA==
  dependencies:
    "@xingrz/decompress-types" "^5.2.0-alpha.0"
    file-type "^16.5.3"
    is-stream "^2.0.1"
    pond "^2.1.2"
    tar-stream "^2.2.0"

"@xingrz/decompress-tarbz2@^5.2.0-alpha.0":
  version "5.2.0-alpha.0"
  resolved "https://registry.npmjs.org/@xingrz/decompress-tarbz2/-/decompress-tarbz2-5.2.0-alpha.0.tgz#e9dfb36cece87602eb0df78b16f286e1758380af"
  integrity sha512-Id4c7NezvGquXaCPqXIS5mURklLxiA1ZeDvFrPBeC9leNrVkNkauZJSY/HlySKMi2cdr1Qka8b/NBdnqRmTI3Q==
  dependencies:
    "@xingrz/decompress-tar" "^5.2.0-alpha.0"
    "@xingrz/decompress-types" "^5.2.0-alpha.0"
    file-type "^16.5.3"
    is-stream "^2.0.1"
    unbzip2-stream "^1.4.3"

"@xingrz/decompress-targz@^5.2.0-alpha.0":
  version "5.2.0-alpha.0"
  resolved "https://registry.npmjs.org/@xingrz/decompress-targz/-/decompress-targz-5.2.0-alpha.0.tgz#aa76045825bd8e455bba23ed092303b6cedb3482"
  integrity sha512-wqMMexodOyY4EsCj3nTayTa/VDEeNMXPE1nC1BF3IJ6ooeF3kmjjYxzCIWCKLMZJoxcrG4ZKLLx67fyaW04m3g==
  dependencies:
    "@xingrz/decompress-tar" "^5.2.0-alpha.0"
    "@xingrz/decompress-types" "^5.2.0-alpha.0"
    file-type "^16.5.3"
    is-stream "^2.0.1"

"@xingrz/decompress-tarzst@^5.2.0-alpha.0":
  version "5.2.0-alpha.0"
  resolved "https://registry.npmjs.org/@xingrz/decompress-tarzst/-/decompress-tarzst-5.2.0-alpha.0.tgz#bccbb1d9c7a076dc1586771531822df6bb96d776"
  integrity sha512-Mbq1S4fRS1iq6zdmiT1ll/Qf1reYBBDcdgiP0qD9KhShW82Q4RkgsdJm1sKE5Fbk6ijOuD8F+xuOnrIS3+oftA==
  dependencies:
    "@xingrz/cppzst" "^2.1.0-alpha.8"
    "@xingrz/decompress-tar" "^5.2.0-alpha.0"
    "@xingrz/decompress-types" "^5.2.0-alpha.0"
    file-type "^16.5.3"
    is-stream "^2.0.1"

"@xingrz/decompress-types@^5.2.0-alpha.0":
  version "5.2.0-alpha.0"
  resolved "https://registry.npmjs.org/@xingrz/decompress-types/-/decompress-types-5.2.0-alpha.0.tgz#963a78a7d4fe92b1222c18b82aed7f7d21afec7d"
  integrity sha512-Uf8TlVqNe/qQzf3w13iD2LSnaDUqrtB2rZJH2t1vOeM5gqsjOwGT2ujug/6h8MizrU6AyQC4zzpS0o+cy4Qq7Q==

"@xingrz/decompress-unzip@^5.2.0-alpha.0":
  version "5.2.0-alpha.0"
  resolved "https://registry.npmjs.org/@xingrz/decompress-unzip/-/decompress-unzip-5.2.0-alpha.0.tgz#12759d3dc60a3e4e72820dd7ad3d2ec9223ff749"
  integrity sha512-+RdPcMDTtDx1rRc3S2jI7kRmMDslb2CsORWCSkkw3ejC8gTD79ETFAoQ4DiRRE1z2LxJ/o7LPXE4R3guRFRxaA==
  dependencies:
    "@xingrz/decompress-types" "^5.2.0-alpha.0"
    file-type "^16.5.3"
    is-stream "^2.0.1"
    pond "^2.1.2"
    yauzl "^2.10.0"

"@xingrz/decompress@^5.2.0-alpha.1":
  version "5.2.0-alpha.1"
  resolved "https://registry.npmjs.org/@xingrz/decompress/-/decompress-5.2.0-alpha.1.tgz#fed7b350f79d59b5cf2e4d05d1ac4ae4976093a5"
  integrity sha512-6KRGMbgAJbdLFGX8nZLq91lpsDvvm/zPUEWLOFxwJVUVujkGiFIONDvImhKMePjcENPYqzrtapa3n6GafuUIFQ==
  dependencies:
    "@xingrz/decompress-tar" "^5.2.0-alpha.0"
    "@xingrz/decompress-tarbz2" "^5.2.0-alpha.0"
    "@xingrz/decompress-targz" "^5.2.0-alpha.0"
    "@xingrz/decompress-tarzst" "^5.2.0-alpha.0"
    "@xingrz/decompress-types" "^5.2.0-alpha.0"
    "@xingrz/decompress-unzip" "^5.2.0-alpha.0"
    fs-extra "^10.0.0"
    make-dir "^3.1.0"
    strip-dirs "^2.0.0"

"@xingrz/download2@^9.0.0-alpha.4":
  version "9.0.0-alpha.4"
  resolved "https://registry.npmjs.org/@xingrz/download2/-/download2-9.0.0-alpha.4.tgz#9c2675e03ec5b8abbed75c568de35504d8ea404a"
  integrity sha512-0+k5uHcTbYX/n7ApH6yr91ODepjaKp786a1q9EXkl6P6VlwT0uH/29uUdoqdHwIDvq/g4HiSVRo1Cf5iIBz+WA==
  dependencies:
    "@xingrz/decompress" "^5.2.0-alpha.1"
    content-disposition "^0.5.2"
    ext-name "^5.0.0"
    file-type "^16.5.3"
    filenamify "^3.0.0"
    fs-extra "^10.0.0"
    get-stream "^6.0.1"
    got "^11.8.2"
    p-event "^4.2.0"

base64-js@^1.3.1:
  version "1.5.1"
  resolved "https://registry.nlark.com/base64-js/download/base64-js-1.5.1.tgz#1b1b440160a5bf7ad40b650f095963481903930a"
  integrity sha1-GxtEAWClv3rUC2UPCVljSBkDkwo=

bl@^4.0.3:
  version "4.1.0"
  resolved "https://registry.npm.taobao.org/bl/download/bl-4.1.0.tgz?cache=0&sync_timestamp=1617381897308&other_urls=https%3A%2F%2Fregistry.npm.taobao.org%2Fbl%2Fdownload%2Fbl-4.1.0.tgz#451535264182bec2fbbc83a62ab98cf11d9f7b3a"
  integrity sha1-RRU1JkGCvsL7vIOmKrmM8R2fezo=
  dependencies:
    buffer "^5.5.0"
    inherits "^2.0.4"
    readable-stream "^3.4.0"

buffer-crc32@~0.2.3:
  version "0.2.13"
  resolved "https://registry.npm.taobao.org/buffer-crc32/download/buffer-crc32-0.2.13.tgz#0d333e3f00eac50aa1454abd30ef8c2a5d9a7242"
  integrity sha1-DTM+PwDqxQqhRUq9MO+MKl2ackI=

buffer@^5.2.1, buffer@^5.5.0:
  version "5.7.1"
  resolved "https://registry.nlark.com/buffer/download/buffer-5.7.1.tgz#ba62e7c13133053582197160851a8f648e99eed0"
  integrity sha1-umLnwTEzBTWCGXFghRqPZI6Z7tA=
  dependencies:
    base64-js "^1.3.1"
    ieee754 "^1.1.13"

cacheable-lookup@^5.0.3:
  version "5.0.4"
  resolved "https://registry.npmmirror.com/cacheable-lookup/download/cacheable-lookup-5.0.4.tgz#5a6b865b2c44357be3d5ebc2a467b032719a7005"
  integrity sha1-WmuGWyxENXvj1evCpGewMnGacAU=

cacheable-request@^7.0.1:
  version "7.0.2"
  resolved "https://registry.nlark.com/cacheable-request/download/cacheable-request-7.0.2.tgz?cache=0&sync_timestamp=1623237504263&other_urls=https%3A%2F%2Fregistry.nlark.com%2Fcacheable-request%2Fdownload%2Fcacheable-request-7.0.2.tgz#ea0d0b889364a25854757301ca12b2da77f91d27"
  integrity sha1-6g0LiJNkolhUdXMByhKy2nf5HSc=
  dependencies:
    clone-response "^1.0.2"
    get-stream "^5.1.0"
    http-cache-semantics "^4.0.0"
    keyv "^4.0.0"
    lowercase-keys "^2.0.0"
    normalize-url "^6.0.1"
    responselike "^2.0.0"

clone-response@^1.0.2:
  version "1.0.2"
  resolved "https://registry.npm.taobao.org/clone-response/download/clone-response-1.0.2.tgz#d1dc973920314df67fbeb94223b4ee350239e96b"
  integrity sha1-0dyXOSAxTfZ/vrlCI7TuNQI56Ws=
  dependencies:
    mimic-response "^1.0.0"

content-disposition@^0.5.2:
  version "0.5.3"
  resolved "https://registry.nlark.com/content-disposition/download/content-disposition-0.5.3.tgz#e130caf7e7279087c5616c2007d0485698984fbd"
  integrity sha1-4TDK9+cnkIfFYWwgB9BIVpiYT70=
  dependencies:
    safe-buffer "5.1.2"

debug@^3.2.7:
  version "3.2.7"
  resolved "https://registry.npmmirror.com/debug/download/debug-3.2.7.tgz?cache=0&sync_timestamp=1636300872595&other_urls=https%3A%2F%2Fregistry.npmmirror.com%2Fdebug%2Fdownload%2Fdebug-3.2.7.tgz#72580b7e9145fb39b6676f9c5e5fb100b934179a"
  integrity sha1-clgLfpFF+zm2Z2+cXl+xALk0F5o=
  dependencies:
    ms "^2.1.1"

decompress-response@^6.0.0:
  version "6.0.0"
  resolved "https://registry.nlark.com/decompress-response/download/decompress-response-6.0.0.tgz#ca387612ddb7e104bd16d85aab00d5ecf09c66fc"
  integrity sha1-yjh2Et234QS9FthaqwDV7PCcZvw=
  dependencies:
    mimic-response "^3.1.0"

defer-to-connect@^2.0.0:
  version "2.0.1"
  resolved "https://registry.nlark.com/defer-to-connect/download/defer-to-connect-2.0.1.tgz#8016bdb4143e4632b77a3449c6236277de520587"
  integrity sha1-gBa9tBQ+RjK3ejRJxiNid95SBYc=

detect-libc@^2.0.1:
  version "2.0.1"
  resolved "https://registry.npmmirror.com/detect-libc/-/detect-libc-2.0.1.tgz#e1897aa88fa6ad197862937fbc0441ef352ee0cd"
  integrity sha512-463v3ZeIrcWtdgIg6vI6XUncguvr2TnGl4SzDXinkt9mSLpBJKXT3mW6xT3VQdDN11+WVs29pgvivTc4Lp8v+w==

end-of-stream@^1.1.0, end-of-stream@^1.4.1:
  version "1.4.4"
  resolved "https://registry.nlark.com/end-of-stream/download/end-of-stream-1.4.4.tgz#5ae64a5f45057baf3626ec14da0ca5e4b2431eb0"
  integrity sha1-WuZKX0UFe682JuwU2gyl5LJDHrA=
  dependencies:
    once "^1.4.0"

escape-string-regexp@^1.0.2:
  version "1.0.5"
  resolved "https://registry.nlark.com/escape-string-regexp/download/escape-string-regexp-1.0.5.tgz#1b61c0562190a8dff6ae3bb2cf0200ca130b86d4"
  integrity sha1-G2HAViGQqN/2rjuyzwIAyhMLhtQ=

ext-list@^2.0.0:
  version "2.2.2"
  resolved "https://registry.nlark.com/ext-list/download/ext-list-2.2.2.tgz#0b98e64ed82f5acf0f2931babf69212ef52ddd37"
  integrity sha1-C5jmTtgvWs8PKTG6v2khLvUt3Tc=
  dependencies:
    mime-db "^1.28.0"

ext-name@^5.0.0:
  version "5.0.0"
  resolved "https://registry.nlark.com/ext-name/download/ext-name-5.0.0.tgz#70781981d183ee15d13993c8822045c506c8f0a6"
  integrity sha1-cHgZgdGD7hXROZPIgiBFxQbI8KY=
  dependencies:
    ext-list "^2.0.0"
    sort-keys-length "^1.0.0"

fd-slicer@~1.1.0:
  version "1.1.0"
  resolved "https://registry.npm.taobao.org/fd-slicer/download/fd-slicer-1.1.0.tgz#25c7c89cb1f9077f8891bbe61d8f390eae256f1e"
  integrity sha1-JcfInLH5B3+IkbvmHY85Dq4lbx4=
  dependencies:
    pend "~1.2.0"

file-type@^16.5.3:
  version "16.5.3"
  resolved "https://registry.nlark.com/file-type/download/file-type-16.5.3.tgz?cache=0&other_urls=https%3A%2F%2Fregistry.nlark.com%2Ffile-type%2Fdownload%2Ffile-type-16.5.3.tgz#474b7e88c74724046abb505e9b8ed4db30c4fc06"
  integrity sha1-R0t+iMdHJARqu1Bem47U2zDE/AY=
  dependencies:
    readable-web-to-node-stream "^3.0.0"
    strtok3 "^6.2.4"
    token-types "^4.1.1"

filename-reserved-regex@^2.0.0:
  version "2.0.0"
  resolved "https://registry.nlark.com/filename-reserved-regex/download/filename-reserved-regex-2.0.0.tgz?cache=0&other_urls=https%3A%2F%2Fregistry.nlark.com%2Ffilename-reserved-regex%2Fdownload%2Ffilename-reserved-regex-2.0.0.tgz#abf73dfab735d045440abfea2d91f389ebbfa229"
  integrity sha1-q/c9+rc10EVECr/qLZHzieu/oik=

filenamify@^3.0.0:
  version "3.0.0"
  resolved "https://registry.npmmirror.com/filenamify/download/filenamify-3.0.0.tgz?cache=0&sync_timestamp=1634472861705&other_urls=https%3A%2F%2Fregistry.npmmirror.com%2Ffilenamify%2Fdownload%2Ffilenamify-3.0.0.tgz#9603eb688179f8c5d40d828626dcbb92c3a4672c"
  integrity sha1-lgPraIF5+MXUDYKGJty7ksOkZyw=
  dependencies:
    filename-reserved-regex "^2.0.0"
    strip-outer "^1.0.0"
    trim-repeated "^1.0.0"

fs-constants@^1.0.0:
  version "1.0.0"
  resolved "https://registry.nlark.com/fs-constants/download/fs-constants-1.0.0.tgz#6be0de9be998ce16af8afc24497b9ee9b7ccd9ad"
  integrity sha1-a+Dem+mYzhavivwkSXue6bfM2a0=

fs-extra@^10.0.0:
  version "10.0.0"
  resolved "https://registry.nlark.com/fs-extra/download/fs-extra-10.0.0.tgz#9ff61b655dde53fb34a82df84bb214ce802e17c1"
  integrity sha1-n/YbZV3eU/s0qC34S7IUzoAuF8E=
  dependencies:
    graceful-fs "^4.2.0"
    jsonfile "^6.0.1"
    universalify "^2.0.0"

get-stream@^5.1.0:
  version "5.2.0"
  resolved "https://registry.npm.taobao.org/get-stream/download/get-stream-5.2.0.tgz#4966a1795ee5ace65e706c4b7beb71257d6e22d3"
  integrity sha1-SWaheV7lrOZecGxLe+txJX1uItM=
  dependencies:
    pump "^3.0.0"

get-stream@^6.0.1:
  version "6.0.1"
  resolved "https://registry.npm.taobao.org/get-stream/download/get-stream-6.0.1.tgz#a262d8eef67aced57c2852ad6167526a43cbf7b7"
  integrity sha1-omLY7vZ6ztV8KFKtYWdSakPL97c=

got@^11.8.2:
  version "11.8.2"
  resolved "https://registry.nlark.com/got/download/got-11.8.2.tgz?cache=0&sync_timestamp=1628752531824&other_urls=https%3A%2F%2Fregistry.nlark.com%2Fgot%2Fdownload%2Fgot-11.8.2.tgz#7abb3959ea28c31f3576f1576c1effce23f33599"
  integrity sha1-ers5Weoowx81dvFXbB7/ziPzNZk=
  dependencies:
    "@sindresorhus/is" "^4.0.0"
    "@szmarczak/http-timer" "^4.0.5"
    "@types/cacheable-request" "^6.0.1"
    "@types/responselike" "^1.0.0"
    cacheable-lookup "^5.0.3"
    cacheable-request "^7.0.1"
    decompress-response "^6.0.0"
    http2-wrapper "^1.0.0-beta.5.2"
    lowercase-keys "^2.0.0"
    p-cancelable "^2.0.0"
    responselike "^2.0.0"

graceful-fs@^4.1.6, graceful-fs@^4.2.0:
  version "4.2.8"
  resolved "https://registry.npmmirror.com/graceful-fs/download/graceful-fs-4.2.8.tgz#e412b8d33f5e006593cbd3cee6df9f2cebbe802a"
  integrity sha1-5BK40z9eAGWTy9PO5t+fLOu+gCo=

http-cache-semantics@^4.0.0:
  version "4.1.0"
  resolved "https://registry.npm.taobao.org/http-cache-semantics/download/http-cache-semantics-4.1.0.tgz#49e91c5cbf36c9b94bcfcd71c23d5249ec74e390"
  integrity sha1-SekcXL82yblLz81xwj1SSex045A=

http2-wrapper@^1.0.0-beta.5.2:
  version "1.0.3"
  resolved "https://registry.npmmirror.com/http2-wrapper/download/http2-wrapper-1.0.3.tgz#b8f55e0c1f25d4ebd08b3b0c2c079f9590800b3d"
  integrity sha1-uPVeDB8l1OvQizsMLAeflZCACz0=
  dependencies:
    quick-lru "^5.1.1"
    resolve-alpn "^1.0.0"

ieee754@^1.1.13, ieee754@^1.2.1:
  version "1.2.1"
  resolved "https://registry.nlark.com/ieee754/download/ieee754-1.2.1.tgz#8eb7a10a63fff25d15a57b001586d177d1b0d352"
  integrity sha1-jrehCmP/8l0VpXsAFYbRd9Gw01I=

inherits@^2.0.3, inherits@^2.0.4:
  version "2.0.4"
  resolved "https://registry.nlark.com/inherits/download/inherits-2.0.4.tgz#0fa2c64f932917c3433a0ded55363aae37416b7c"
  integrity sha1-D6LGT5MpF8NDOg3tVTY6rjdBa3w=

is-natural-number@^4.0.1:
  version "4.0.1"
  resolved "https://registry.npm.taobao.org/is-natural-number/download/is-natural-number-4.0.1.tgz#ab9d76e1db4ced51e35de0c72ebecf09f734cde8"
  integrity sha1-q5124dtM7VHjXeDHLr7PCfc0zeg=

is-plain-obj@^1.0.0:
  version "1.1.0"
  resolved "https://registry.npm.taobao.org/is-plain-obj/download/is-plain-obj-1.1.0.tgz?cache=0&sync_timestamp=1618600489644&other_urls=https%3A%2F%2Fregistry.npm.taobao.org%2Fis-plain-obj%2Fdownload%2Fis-plain-obj-1.1.0.tgz#71a50c8429dfca773c92a390a4a03b39fcd51d3e"
  integrity sha1-caUMhCnfync8kqOQpKA7OfzVHT4=

is-stream@^2.0.1:
  version "2.0.1"
  resolved "https://registry.nlark.com/is-stream/download/is-stream-2.0.1.tgz#fac1e3d53b97ad5a9d0ae9cef2389f5810a5c077"
  integrity sha1-+sHj1TuXrVqdCunO8jifWBClwHc=

json-buffer@3.0.1:
  version "3.0.1"
  resolved "https://registry.npm.taobao.org/json-buffer/download/json-buffer-3.0.1.tgz#9338802a30d3b6605fbe0613e094008ca8c05a13"
  integrity sha1-kziAKjDTtmBfvgYT4JQAjKjAWhM=

jsonfile@^6.0.1:
  version "6.1.0"
  resolved "https://registry.nlark.com/jsonfile/download/jsonfile-6.1.0.tgz#bc55b2634793c679ec6403094eb13698a6ec0aae"
  integrity sha1-vFWyY0eTxnnsZAMJTrE2mKbsCq4=
  dependencies:
    universalify "^2.0.0"
  optionalDependencies:
    graceful-fs "^4.1.6"

keyv@^4.0.0:
  version "4.0.4"
  resolved "https://registry.npmmirror.com/keyv/download/keyv-4.0.4.tgz?cache=0&sync_timestamp=1635869183541&other_urls=https%3A%2F%2Fregistry.npmmirror.com%2Fkeyv%2Fdownload%2Fkeyv-4.0.4.tgz#f040b236ea2b06ed15ed86fbef8407e1a1c8e376"
  integrity sha1-8ECyNuorBu0V7Yb774QH4aHI43Y=
  dependencies:
    json-buffer "3.0.1"

lowercase-keys@^2.0.0:
  version "2.0.0"
  resolved "https://registry.npmmirror.com/lowercase-keys/download/lowercase-keys-2.0.0.tgz?cache=0&sync_timestamp=1634551715073&other_urls=https%3A%2F%2Fregistry.npmmirror.com%2Flowercase-keys%2Fdownload%2Flowercase-keys-2.0.0.tgz#2603e78b7b4b0006cbca2fbcc8a3202558ac9479"
  integrity sha1-JgPni3tLAAbLyi+8yKMgJVislHk=

make-dir@^3.1.0:
  version "3.1.0"
  resolved "https://registry.npm.taobao.org/make-dir/download/make-dir-3.1.0.tgz#415e967046b3a7f1d185277d84aa58203726a13f"
  integrity sha1-QV6WcEazp/HRhSd9hKpYIDcmoT8=
  dependencies:
    semver "^6.0.0"

mime-db@^1.28.0:
  version "1.50.0"
  resolved "https://registry.nlark.com/mime-db/download/mime-db-1.50.0.tgz#abd4ac94e98d3c0e185016c67ab45d5fde40c11f"
  integrity sha1-q9SslOmNPA4YUBbGerRdX95AwR8=

mimic-response@^1.0.0:
  version "1.0.1"
  resolved "https://registry.nlark.com/mimic-response/download/mimic-response-1.0.1.tgz?cache=0&sync_timestamp=1628692495204&other_urls=https%3A%2F%2Fregistry.nlark.com%2Fmimic-response%2Fdownload%2Fmimic-response-1.0.1.tgz#4923538878eef42063cb8a3e3b0798781487ab1b"
  integrity sha1-SSNTiHju9CBjy4o+OweYeBSHqxs=

mimic-response@^3.1.0:
  version "3.1.0"
  resolved "https://registry.nlark.com/mimic-response/download/mimic-response-3.1.0.tgz?cache=0&sync_timestamp=1628692495204&other_urls=https%3A%2F%2Fregistry.nlark.com%2Fmimic-response%2Fdownload%2Fmimic-response-3.1.0.tgz#2d1d59af9c1b129815accc2c46a022a5ce1fa3c9"
  integrity sha1-LR1Zr5wbEpgVrMwsRqAipc4fo8k=

ms@^2.1.1:
  version "2.1.3"
  resolved "https://registry.npmmirror.com/ms/download/ms-2.1.3.tgz#574c8138ce1d2b5861f0b44579dbadd60c6615b2"
  integrity sha1-V0yBOM4dK1hh8LRFedut1gxmFbI=

nan@^2.14.2:
  version "2.15.0"
  resolved "https://registry.nlark.com/nan/download/nan-2.15.0.tgz#3f34a473ff18e15c1b5626b62903b5ad6e665fee"
  integrity sha1-PzSkc/8Y4VwbVia2KQO1rW5mX+4=

node-gyp-build@^4.3.0:
  version "4.3.0"
  resolved "https://registry.nlark.com/node-gyp-build/download/node-gyp-build-4.3.0.tgz?cache=0&sync_timestamp=1631436711963&other_urls=https%3A%2F%2Fregistry.nlark.com%2Fnode-gyp-build%2Fdownload%2Fnode-gyp-build-4.3.0.tgz#9f256b03e5826150be39c764bf51e993946d71a3"
  integrity sha1-nyVrA+WCYVC+Ocdkv1Hpk5RtcaM=

normalize-url@^6.0.1:
  version "6.1.0"
  resolved "https://registry.nlark.com/normalize-url/download/normalize-url-6.1.0.tgz?cache=0&other_urls=https%3A%2F%2Fregistry.nlark.com%2Fnormalize-url%2Fdownload%2Fnormalize-url-6.1.0.tgz#40d0885b535deffe3f3147bec877d05fe4c5668a"
  integrity sha1-QNCIW1Nd7/4/MUe+yHfQX+TFZoo=

once@^1.3.1, once@^1.4.0:
  version "1.4.0"
  resolved "https://registry.nlark.com/once/download/once-1.4.0.tgz#583b1aa775961d4b113ac17d9c50baef9dd76bd1"
  integrity sha1-WDsap3WWHUsROsF9nFC6753Xa9E=
  dependencies:
    wrappy "1"

p-cancelable@^2.0.0:
  version "2.1.1"
  resolved "https://registry.nlark.com/p-cancelable/download/p-cancelable-2.1.1.tgz#aab7fbd416582fa32a3db49859c122487c5ed2cf"
  integrity sha1-qrf71BZYL6MqPbSYWcEiSHxe0s8=

p-event@^4.2.0:
  version "4.2.0"
  resolved "https://registry.npmmirror.com/p-event/download/p-event-4.2.0.tgz?cache=0&sync_timestamp=1635954052656&other_urls=https%3A%2F%2Fregistry.npmmirror.com%2Fp-event%2Fdownload%2Fp-event-4.2.0.tgz#af4b049c8acd91ae81083ebd1e6f5cae2044c1b5"
  integrity sha1-r0sEnIrNka6BCD69Hm9criBEwbU=
  dependencies:
    p-timeout "^3.1.0"

p-finally@^1.0.0:
  version "1.0.0"
  resolved "https://registry.npm.taobao.org/p-finally/download/p-finally-1.0.0.tgz#3fbcfb15b899a44123b34b6dcc18b724336a2cae"
  integrity sha1-P7z7FbiZpEEjs0ttzBi3JDNqLK4=

p-timeout@^3.1.0:
  version "3.2.0"
  resolved "https://registry.npmmirror.com/p-timeout/download/p-timeout-3.2.0.tgz#c7e17abc971d2a7962ef83626b35d635acf23dfe"
  integrity sha1-x+F6vJcdKnli74NiazXWNazyPf4=
  dependencies:
    p-finally "^1.0.0"

peek-readable@^4.0.1:
  version "4.0.1"
  resolved "https://registry.nlark.com/peek-readable/download/peek-readable-4.0.1.tgz#9a045f291db254111c3412c1ce4fec27ddd4d202"
  integrity sha1-mgRfKR2yVBEcNBLBzk/sJ93U0gI=

pend@~1.2.0:
  version "1.2.0"
  resolved "https://registry.npm.taobao.org/pend/download/pend-1.2.0.tgz#7a57eb550a6783f9115331fcf4663d5c8e007a50"
  integrity sha1-elfrVQpng/kRUzH89GY9XI4AelA=

pond@^2.1.2:
  version "2.1.2"
  resolved "https://registry.npmmirror.com/pond/download/pond-2.1.2.tgz#29bd4b6a927f1391ade01bd6e862b071c0f572d3"
  integrity sha512-tFHqQ0A+KZ5EDI8C6erkxgeCji2+Z0kZ9yqa1GH29/9TKkbvFdvR+sCwMYeqOQCrm+jWJ8lrlCsqvsa7VVUHDg==
  dependencies:
    debug "^3.2.7"

pump@^3.0.0:
  version "3.0.0"
  resolved "https://registry.nlark.com/pump/download/pump-3.0.0.tgz#b4a2116815bde2f4e1ea602354e8c75565107a64"
  integrity sha1-tKIRaBW94vTh6mAjVOjHVWUQemQ=
  dependencies:
    end-of-stream "^1.1.0"
    once "^1.3.1"

quick-lru@^5.1.1:
  version "5.1.1"
  resolved "https://registry.nlark.com/quick-lru/download/quick-lru-5.1.1.tgz#366493e6b3e42a3a6885e2e99d18f80fb7a8c932"
  integrity sha1-NmST5rPkKjpoheLpnRj4D7eoyTI=

readable-stream@^3.1.1, readable-stream@^3.4.0, readable-stream@^3.6.0:
  version "3.6.0"
  resolved "https://registry.npm.taobao.org/readable-stream/download/readable-stream-3.6.0.tgz#337bbda3adc0706bd3e024426a286d4b4b2c9198"
  integrity sha1-M3u9o63AcGvT4CRCaihtS0sskZg=
  dependencies:
    inherits "^2.0.3"
    string_decoder "^1.1.1"
    util-deprecate "^1.0.1"

readable-web-to-node-stream@^3.0.0:
  version "3.0.2"
  resolved "https://registry.nlark.com/readable-web-to-node-stream/download/readable-web-to-node-stream-3.0.2.tgz#5d52bb5df7b54861fd48d015e93a2cb87b3ee0bb"
  integrity sha1-XVK7Xfe1SGH9SNAV6TosuHs+4Ls=
  dependencies:
    readable-stream "^3.6.0"

resolve-alpn@^1.0.0:
  version "1.2.1"
  resolved "https://registry.nlark.com/resolve-alpn/download/resolve-alpn-1.2.1.tgz?cache=0&sync_timestamp=1630311296078&other_urls=https%3A%2F%2Fregistry.nlark.com%2Fresolve-alpn%2Fdownload%2Fresolve-alpn-1.2.1.tgz#b7adbdac3546aaaec20b45e7d8265927072726f9"
  integrity sha1-t629rDVGqq7CC0Xn2CZZJwcnJvk=

responselike@^2.0.0:
  version "2.0.0"
  resolved "https://registry.nlark.com/responselike/download/responselike-2.0.0.tgz#26391bcc3174f750f9a79eacc40a12a5c42d7723"
  integrity sha1-JjkbzDF091D5p56sxAoSpcQtdyM=
  dependencies:
    lowercase-keys "^2.0.0"

safe-buffer@5.1.2:
  version "5.1.2"
  resolved "https://registry.nlark.com/safe-buffer/download/safe-buffer-5.1.2.tgz#991ec69d296e0313747d59bdfd2b745c35f8828d"
  integrity sha1-mR7GnSluAxN0fVm9/St0XDX4go0=

safe-buffer@~5.2.0:
  version "5.2.1"
  resolved "https://registry.nlark.com/safe-buffer/download/safe-buffer-5.2.1.tgz#1eaf9fa9bdb1fdd4ec75f58f9cdb4e6b7827eec6"
  integrity sha1-Hq+fqb2x/dTsdfWPnNtOa3gn7sY=

semver@^6.0.0:
  version "6.3.0"
  resolved "https://registry.nlark.com/semver/download/semver-6.3.0.tgz?cache=0&sync_timestamp=1622604551741&other_urls=https%3A%2F%2Fregistry.nlark.com%2Fsemver%2Fdownload%2Fsemver-6.3.0.tgz#ee0a64c8af5e8ceea67687b133761e1becbd1d3d"
  integrity sha1-7gpkyK9ejO6mdoexM3YeG+y9HT0=

sort-keys-length@^1.0.0:
  version "1.0.1"
  resolved "https://registry.npm.taobao.org/sort-keys-length/download/sort-keys-length-1.0.1.tgz#9cb6f4f4e9e48155a6aa0671edd336ff1479a188"
  integrity sha1-nLb09OnkgVWmqgZx7dM2/xR5oYg=
  dependencies:
    sort-keys "^1.0.0"

sort-keys@^1.0.0:
  version "1.1.2"
  resolved "https://registry.nlark.com/sort-keys/download/sort-keys-1.1.2.tgz#441b6d4d346798f1b4e49e8920adfba0e543f9ad"
  integrity sha1-RBttTTRnmPG05J6JIK37oOVD+a0=
  dependencies:
    is-plain-obj "^1.0.0"

string_decoder@^1.1.1:
  version "1.3.0"
  resolved "https://registry.nlark.com/string_decoder/download/string_decoder-1.3.0.tgz#42f114594a46cf1a8e30b0a84f56c78c3edac21e"
  integrity sha1-QvEUWUpGzxqOMLCoT1bHjD7awh4=
  dependencies:
    safe-buffer "~5.2.0"

strip-dirs@^2.0.0:
  version "2.1.0"
  resolved "https://registry.npm.taobao.org/strip-dirs/download/strip-dirs-2.1.0.tgz#4987736264fc344cf20f6c34aca9d13d1d4ed6c5"
  integrity sha1-SYdzYmT8NEzyD2w0rKnRPR1O1sU=
  dependencies:
    is-natural-number "^4.0.1"

strip-outer@^1.0.0:
  version "1.0.1"
  resolved "https://registry.nlark.com/strip-outer/download/strip-outer-1.0.1.tgz#b2fd2abf6604b9d1e6013057195df836b8a9d631"
  integrity sha1-sv0qv2YEudHmATBXGV34Nrip1jE=
  dependencies:
    escape-string-regexp "^1.0.2"

strtok3@^6.2.4:
  version "6.2.4"
  resolved "https://registry.nlark.com/strtok3/download/strtok3-6.2.4.tgz#302aea64c0fa25d12a0385069ba66253fdc38a81"
  integrity sha1-MCrqZMD6JdEqA4UGm6ZiU/3DioE=
  dependencies:
    "@tokenizer/token" "^0.3.0"
    peek-readable "^4.0.1"

tar-stream@^2.2.0:
  version "2.2.0"
  resolved "https://registry.npm.taobao.org/tar-stream/download/tar-stream-2.2.0.tgz?cache=0&sync_timestamp=1609236328947&other_urls=https%3A%2F%2Fregistry.npm.taobao.org%2Ftar-stream%2Fdownload%2Ftar-stream-2.2.0.tgz#acad84c284136b060dc3faa64474aa9aebd77287"
  integrity sha1-rK2EwoQTawYNw/qmRHSqmuvXcoc=
  dependencies:
    bl "^4.0.3"
    end-of-stream "^1.4.1"
    fs-constants "^1.0.0"
    inherits "^2.0.3"
    readable-stream "^3.1.1"

through@^2.3.8:
  version "2.3.8"
  resolved "https://registry.npm.taobao.org/through/download/through-2.3.8.tgz#0dd4c9ffaabc357960b1b724115d7e0e86a2e1f5"
  integrity sha1-DdTJ/6q8NXlgsbckEV1+Doai4fU=

token-types@^4.1.1:
  version "4.1.1"
  resolved "https://registry.nlark.com/token-types/download/token-types-4.1.1.tgz#ef9e8c8e2e0ded9f1b3f8dbaa46a3228b113ba1a"
  integrity sha1-756Mji4N7Z8bP426pGoyKLETuho=
  dependencies:
    "@tokenizer/token" "^0.3.0"
    ieee754 "^1.2.1"

trim-repeated@^1.0.0:
  version "1.0.0"
  resolved "https://registry.nlark.com/trim-repeated/download/trim-repeated-1.0.0.tgz?cache=0&sync_timestamp=1619005444026&other_urls=https%3A%2F%2Fregistry.nlark.com%2Ftrim-repeated%2Fdownload%2Ftrim-repeated-1.0.0.tgz#e3646a2ea4e891312bf7eace6cfb05380bc01c21"
  integrity sha1-42RqLqTokTEr9+rObPsFOAvAHCE=
  dependencies:
    escape-string-regexp "^1.0.2"

typescript@^4.4.4:
  version "4.4.4"
  resolved "https://registry.npmmirror.com/typescript/download/typescript-4.4.4.tgz#2cd01a1a1f160704d3101fd5a58ff0f9fcb8030c"
  integrity sha1-LNAaGh8WBwTTEB/VpY/w+fy4Aww=

unbzip2-stream@^1.4.3:
  version "1.4.3"
  resolved "https://registry.npm.taobao.org/unbzip2-stream/download/unbzip2-stream-1.4.3.tgz#b0da04c4371311df771cdc215e87f2130991ace7"
  integrity sha1-sNoExDcTEd93HNwhXofyEwmRrOc=
  dependencies:
    buffer "^5.2.1"
    through "^2.3.8"

universalify@^2.0.0:
  version "2.0.0"
  resolved "https://registry.nlark.com/universalify/download/universalify-2.0.0.tgz#75a4984efedc4b08975c5aeb73f530d02df25717"
  integrity sha1-daSYTv7cSwiXXFrrc/Uw0C3yVxc=

util-deprecate@^1.0.1:
  version "1.0.2"
  resolved "https://registry.nlark.com/util-deprecate/download/util-deprecate-1.0.2.tgz#450d4dc9fa70de732762fbd2d4a28981419a0ccf"
  integrity sha1-RQ1Nyfpw3nMnYvvS1KKJgUGaDM8=

wrappy@1:
  version "1.0.2"
  resolved "https://registry.nlark.com/wrappy/download/wrappy-1.0.2.tgz?cache=0&sync_timestamp=1619133505879&other_urls=https%3A%2F%2Fregistry.nlark.com%2Fwrappy%2Fdownload%2Fwrappy-1.0.2.tgz#b5243d8f3ec1aa35f1364605bc0d1036e30ab69f"
  integrity sha1-tSQ9jz7BqjXxNkYFvA0QNuMKtp8=

yauzl@^2.10.0:
  version "2.10.0"
  resolved "https://registry.npm.taobao.org/yauzl/download/yauzl-2.10.0.tgz#c7eb17c93e112cb1086fa6d8e51fb0667b79a5f9"
  integrity sha1-x+sXyT4RLLEIb6bY5R+wZnt5pfk=
  dependencies:
    buffer-crc32 "~0.2.3"
    fd-slicer "~1.1.0"
